
Microsoft Visual Studio Solution File, Format Version 12.00
# Visual Studio Version 17
VisualStudioVersion = 17.13.35825.156 d17.13
MinimumVisualStudioVersion = 10.0.40219.1
Project("{FAE04EC0-301F-11D3-BF4B-00C04F79EFBC}") = "JenkinsDockerGit", "JenkinsDockerGit\JenkinsDockerGit.csproj", "{839DC913-FBBF-4752-AA00-E367D994E73D}"
EndProject
Global
	GlobalSection(SolutionConfigurationPlatforms) = preSolution
		Debug|Any CPU = Debug|Any CPU
		Release|Any CPU = Release|Any CPU
	EndGlobalSection
	GlobalSection(ProjectConfigurationPlatforms) = postSolution
		{839DC913-FBBF-4752-AA00-E367D994E73D}.Debug|Any CPU.ActiveCfg = Debug|Any CPU
		{839DC913-FBBF-4752-AA00-E367D994E73D}.Debug|Any CPU.Build.0 = Debug|Any CPU
		{839DC913-FBBF-4752-AA00-E367D994E73D}.Release|Any CPU.ActiveCfg = Release|Any CPU
		{839DC913-FBBF-4752-AA00-E367D994E73D}.Release|Any CPU.Build.0 = Release|Any CPU
	EndGlobalSection
	GlobalSection(SolutionProperties) = preSolution
		HideSolutionNode = FALSE
	EndGlobalSection
	GlobalSection(ExtensibilityGlobals) = postSolution
		SolutionGuid = {3A9BD63A-A32F-4A04-B957-56C516B9D65F}
	EndGlobalSection
EndGlobal
